
Microsoft Visual Studio Solution File, Format Version 12.00
# Visual Studio 2012
Project("{FAE04EC0-301F-11D3-BF4B-00C04F79EFBC}") = "FormularioEjemplo", "FormularioEjemplo\FormularioEjemplo.csproj", "{D918E7B4-FBBB-4CD5-8E5B-E54B008652E5}"
EndProject
Project("{FAE04EC0-301F-11D3-BF4B-00C04F79EFBC}") = "Clases", "Clases\Clases.csproj", "{1AD450D0-8E90-4454-8554-E0552A684D7D}"
EndProject
Global
	GlobalSection(SolutionConfigurationPlatforms) = preSolution
		Debug|Any CPU = Debug|Any CPU
		Release|Any CPU = Release|Any CPU
	EndGlobalSection
	GlobalSection(ProjectConfigurationPlatforms) = postSolution
		{D918E7B4-FBBB-4CD5-8E5B-E54B008652E5}.Debug|Any CPU.ActiveCfg = Debug|Any CPU
		{D918E7B4-FBBB-4CD5-8E5B-E54B008652E5}.Debug|Any CPU.Build.0 = Debug|Any CPU
		{D918E7B4-FBBB-4CD5-8E5B-E54B008652E5}.Release|Any CPU.ActiveCfg = Release|Any CPU
		{D918E7B4-FBBB-4CD5-8E5B-E54B008652E5}.Release|Any CPU.Build.0 = Release|Any CPU
		{1AD450D0-8E90-4454-8554-E0552A684D7D}.Debug|Any CPU.ActiveCfg = Debug|Any CPU
		{1AD450D0-8E90-4454-8554-E0552A684D7D}.Debug|Any CPU.Build.0 = Debug|Any CPU
		{1AD450D0-8E90-4454-8554-E0552A684D7D}.Release|Any CPU.ActiveCfg = Release|Any CPU
		{1AD450D0-8E90-4454-8554-E0552A684D7D}.Release|Any CPU.Build.0 = Release|Any CPU
	EndGlobalSection
	GlobalSection(SolutionProperties) = preSolution
		HideSolutionNode = FALSE
	EndGlobalSection
EndGlobal
