
Microsoft Visual Studio Solution File, Format Version 12.00
# Visual Studio 2012
Project("{FAE04EC0-301F-11D3-BF4B-00C04F79EFBC}") = "Clase 3", "Clase 3\Clase 3.csproj", "{BDDD4688-E0A6-4E9E-9F70-6C375F59C943}"
EndProject
Global
	GlobalSection(SolutionConfigurationPlatforms) = preSolution
		Debug|Any CPU = Debug|Any CPU
		Release|Any CPU = Release|Any CPU
	EndGlobalSection
	GlobalSection(ProjectConfigurationPlatforms) = postSolution
		{BDDD4688-E0A6-4E9E-9F70-6C375F59C943}.Debug|Any CPU.ActiveCfg = Debug|Any CPU
		{BDDD4688-E0A6-4E9E-9F70-6C375F59C943}.Debug|Any CPU.Build.0 = Debug|Any CPU
		{BDDD4688-E0A6-4E9E-9F70-6C375F59C943}.Release|Any CPU.ActiveCfg = Release|Any CPU
		{BDDD4688-E0A6-4E9E-9F70-6C375F59C943}.Release|Any CPU.Build.0 = Release|Any CPU
	EndGlobalSection
	GlobalSection(SolutionProperties) = preSolution
		HideSolutionNode = FALSE
	EndGlobalSection
EndGlobal
