
Microsoft Visual Studio Solution File, Format Version 12.00
# Visual Studio 15
VisualStudioVersion = 15.0.26430.12
MinimumVisualStudioVersion = 10.0.40219.1
Project("{FAE04EC0-301F-11D3-BF4B-00C04F79EFBC}") = "Formulario", "Formulario\Formulario.csproj", "{22D2E2BA-4C89-47D0-9F88-150E7C678BA5}"
EndProject
Project("{FAE04EC0-301F-11D3-BF4B-00C04F79EFBC}") = "Excepciones", "Excepciones\Excepciones.csproj", "{31AF4398-9134-490F-9A2E-D613327C0A27}"
EndProject
Project("{FAE04EC0-301F-11D3-BF4B-00C04F79EFBC}") = "Clases", "Clases\Clases.csproj", "{C0B616DD-4F0C-463C-842A-634381E082CF}"
EndProject
Project("{FAE04EC0-301F-11D3-BF4B-00C04F79EFBC}") = "IArchivo", "Interfaz\IArchivo.csproj", "{00EC1F91-5950-4D0F-8556-678197B7A983}"
EndProject
Global
	GlobalSection(SolutionConfigurationPlatforms) = preSolution
		Debug|Any CPU = Debug|Any CPU
		Release|Any CPU = Release|Any CPU
	EndGlobalSection
	GlobalSection(ProjectConfigurationPlatforms) = postSolution
		{22D2E2BA-4C89-47D0-9F88-150E7C678BA5}.Debug|Any CPU.ActiveCfg = Debug|Any CPU
		{22D2E2BA-4C89-47D0-9F88-150E7C678BA5}.Debug|Any CPU.Build.0 = Debug|Any CPU
		{22D2E2BA-4C89-47D0-9F88-150E7C678BA5}.Release|Any CPU.ActiveCfg = Release|Any CPU
		{22D2E2BA-4C89-47D0-9F88-150E7C678BA5}.Release|Any CPU.Build.0 = Release|Any CPU
		{31AF4398-9134-490F-9A2E-D613327C0A27}.Debug|Any CPU.ActiveCfg = Debug|Any CPU
		{31AF4398-9134-490F-9A2E-D613327C0A27}.Debug|Any CPU.Build.0 = Debug|Any CPU
		{31AF4398-9134-490F-9A2E-D613327C0A27}.Release|Any CPU.ActiveCfg = Release|Any CPU
		{31AF4398-9134-490F-9A2E-D613327C0A27}.Release|Any CPU.Build.0 = Release|Any CPU
		{C0B616DD-4F0C-463C-842A-634381E082CF}.Debug|Any CPU.ActiveCfg = Debug|Any CPU
		{C0B616DD-4F0C-463C-842A-634381E082CF}.Debug|Any CPU.Build.0 = Debug|Any CPU
		{C0B616DD-4F0C-463C-842A-634381E082CF}.Release|Any CPU.ActiveCfg = Release|Any CPU
		{C0B616DD-4F0C-463C-842A-634381E082CF}.Release|Any CPU.Build.0 = Release|Any CPU
		{00EC1F91-5950-4D0F-8556-678197B7A983}.Debug|Any CPU.ActiveCfg = Debug|Any CPU
		{00EC1F91-5950-4D0F-8556-678197B7A983}.Debug|Any CPU.Build.0 = Debug|Any CPU
		{00EC1F91-5950-4D0F-8556-678197B7A983}.Release|Any CPU.ActiveCfg = Release|Any CPU
		{00EC1F91-5950-4D0F-8556-678197B7A983}.Release|Any CPU.Build.0 = Release|Any CPU
	EndGlobalSection
	GlobalSection(SolutionProperties) = preSolution
		HideSolutionNode = FALSE
	EndGlobalSection
EndGlobal
