
Microsoft Visual Studio Solution File, Format Version 12.00
# Visual Studio 2012
Project("{FAE04EC0-301F-11D3-BF4B-00C04F79EFBC}") = "UIAulas", "UIAulas\UIAulas.csproj", "{800872EA-DC93-41AA-B1B9-3DF7C1338E62}"
EndProject
Project("{FAE04EC0-301F-11D3-BF4B-00C04F79EFBC}") = "EntidadDeAula", "EntidadDeAula\EntidadDeAula.csproj", "{063CDD68-4AE0-4441-A501-2E3EA70F515F}"
EndProject
Global
	GlobalSection(SolutionConfigurationPlatforms) = preSolution
		Debug|Any CPU = Debug|Any CPU
		Release|Any CPU = Release|Any CPU
	EndGlobalSection
	GlobalSection(ProjectConfigurationPlatforms) = postSolution
		{800872EA-DC93-41AA-B1B9-3DF7C1338E62}.Debug|Any CPU.ActiveCfg = Debug|Any CPU
		{800872EA-DC93-41AA-B1B9-3DF7C1338E62}.Debug|Any CPU.Build.0 = Debug|Any CPU
		{800872EA-DC93-41AA-B1B9-3DF7C1338E62}.Release|Any CPU.ActiveCfg = Release|Any CPU
		{800872EA-DC93-41AA-B1B9-3DF7C1338E62}.Release|Any CPU.Build.0 = Release|Any CPU
		{063CDD68-4AE0-4441-A501-2E3EA70F515F}.Debug|Any CPU.ActiveCfg = Debug|Any CPU
		{063CDD68-4AE0-4441-A501-2E3EA70F515F}.Debug|Any CPU.Build.0 = Debug|Any CPU
		{063CDD68-4AE0-4441-A501-2E3EA70F515F}.Release|Any CPU.ActiveCfg = Release|Any CPU
		{063CDD68-4AE0-4441-A501-2E3EA70F515F}.Release|Any CPU.Build.0 = Release|Any CPU
	EndGlobalSection
	GlobalSection(SolutionProperties) = preSolution
		HideSolutionNode = FALSE
	EndGlobalSection
EndGlobal
