
Microsoft Visual Studio Solution File, Format Version 12.00
# Visual Studio Express 2012 for Windows Desktop
Project("{FAE04EC0-301F-11D3-BF4B-00C04F79EFBC}") = "TP_N°1", "TP_N°1\TP_N°1.csproj", "{283A5598-1E7A-4F3C-872D-C88B9B7AEEAB}"
EndProject
Project("{FAE04EC0-301F-11D3-BF4B-00C04F79EFBC}") = "Clases", "Clases\Clases.csproj", "{65A41D92-3CDC-46C9-A23C-32A16C0F0DD2}"
EndProject
Global
	GlobalSection(SolutionConfigurationPlatforms) = preSolution
		Debug|Any CPU = Debug|Any CPU
		Release|Any CPU = Release|Any CPU
	EndGlobalSection
	GlobalSection(ProjectConfigurationPlatforms) = postSolution
		{283A5598-1E7A-4F3C-872D-C88B9B7AEEAB}.Debug|Any CPU.ActiveCfg = Debug|Any CPU
		{283A5598-1E7A-4F3C-872D-C88B9B7AEEAB}.Debug|Any CPU.Build.0 = Debug|Any CPU
		{283A5598-1E7A-4F3C-872D-C88B9B7AEEAB}.Release|Any CPU.ActiveCfg = Release|Any CPU
		{283A5598-1E7A-4F3C-872D-C88B9B7AEEAB}.Release|Any CPU.Build.0 = Release|Any CPU
		{65A41D92-3CDC-46C9-A23C-32A16C0F0DD2}.Debug|Any CPU.ActiveCfg = Debug|Any CPU
		{65A41D92-3CDC-46C9-A23C-32A16C0F0DD2}.Debug|Any CPU.Build.0 = Debug|Any CPU
		{65A41D92-3CDC-46C9-A23C-32A16C0F0DD2}.Release|Any CPU.ActiveCfg = Release|Any CPU
		{65A41D92-3CDC-46C9-A23C-32A16C0F0DD2}.Release|Any CPU.Build.0 = Release|Any CPU
	EndGlobalSection
	GlobalSection(SolutionProperties) = preSolution
		HideSolutionNode = FALSE
	EndGlobalSection
EndGlobal
