
Microsoft Visual Studio Solution File, Format Version 12.00
# Visual Studio 15
VisualStudioVersion = 15.0.26228.9
MinimumVisualStudioVersion = 10.0.40219.1
Project("{FAE04EC0-301F-11D3-BF4B-00C04F79EFBC}") = "EjemploParcial", "EjemploParcial\EjemploParcial.csproj", "{D72782CC-A49B-454F-8B16-8B5EB7A2A872}"
EndProject
Project("{FAE04EC0-301F-11D3-BF4B-00C04F79EFBC}") = "Consola", "Consola\Consola.csproj", "{E1925507-A6F4-49FE-B765-D5FE639038D0}"
EndProject
Global
	GlobalSection(SolutionConfigurationPlatforms) = preSolution
		Debug|Any CPU = Debug|Any CPU
		Release|Any CPU = Release|Any CPU
	EndGlobalSection
	GlobalSection(ProjectConfigurationPlatforms) = postSolution
		{D72782CC-A49B-454F-8B16-8B5EB7A2A872}.Debug|Any CPU.ActiveCfg = Debug|Any CPU
		{D72782CC-A49B-454F-8B16-8B5EB7A2A872}.Debug|Any CPU.Build.0 = Debug|Any CPU
		{D72782CC-A49B-454F-8B16-8B5EB7A2A872}.Release|Any CPU.ActiveCfg = Release|Any CPU
		{D72782CC-A49B-454F-8B16-8B5EB7A2A872}.Release|Any CPU.Build.0 = Release|Any CPU
		{E1925507-A6F4-49FE-B765-D5FE639038D0}.Debug|Any CPU.ActiveCfg = Debug|Any CPU
		{E1925507-A6F4-49FE-B765-D5FE639038D0}.Debug|Any CPU.Build.0 = Debug|Any CPU
		{E1925507-A6F4-49FE-B765-D5FE639038D0}.Release|Any CPU.ActiveCfg = Release|Any CPU
		{E1925507-A6F4-49FE-B765-D5FE639038D0}.Release|Any CPU.Build.0 = Release|Any CPU
	EndGlobalSection
	GlobalSection(SolutionProperties) = preSolution
		HideSolutionNode = FALSE
	EndGlobalSection
EndGlobal
