
Microsoft Visual Studio Solution File, Format Version 12.00
# Visual Studio 2012
Project("{FAE04EC0-301F-11D3-BF4B-00C04F79EFBC}") = "Entidades", "Entidades\Entidades.csproj", "{DA38771B-6D88-4013-9334-AE1CD922C592}"
EndProject
Project("{FAE04EC0-301F-11D3-BF4B-00C04F79EFBC}") = "ConsolaPP", "ConsolaPP\ConsolaPP.csproj", "{BC824D98-E3C3-464F-B617-9E4A59265035}"
EndProject
Global
	GlobalSection(SolutionConfigurationPlatforms) = preSolution
		Debug|Any CPU = Debug|Any CPU
		Release|Any CPU = Release|Any CPU
	EndGlobalSection
	GlobalSection(ProjectConfigurationPlatforms) = postSolution
		{DA38771B-6D88-4013-9334-AE1CD922C592}.Debug|Any CPU.ActiveCfg = Debug|Any CPU
		{DA38771B-6D88-4013-9334-AE1CD922C592}.Debug|Any CPU.Build.0 = Debug|Any CPU
		{DA38771B-6D88-4013-9334-AE1CD922C592}.Release|Any CPU.ActiveCfg = Release|Any CPU
		{DA38771B-6D88-4013-9334-AE1CD922C592}.Release|Any CPU.Build.0 = Release|Any CPU
		{BC824D98-E3C3-464F-B617-9E4A59265035}.Debug|Any CPU.ActiveCfg = Debug|Any CPU
		{BC824D98-E3C3-464F-B617-9E4A59265035}.Debug|Any CPU.Build.0 = Debug|Any CPU
		{BC824D98-E3C3-464F-B617-9E4A59265035}.Release|Any CPU.ActiveCfg = Release|Any CPU
		{BC824D98-E3C3-464F-B617-9E4A59265035}.Release|Any CPU.Build.0 = Release|Any CPU
	EndGlobalSection
	GlobalSection(SolutionProperties) = preSolution
		HideSolutionNode = FALSE
	EndGlobalSection
EndGlobal
