
Microsoft Visual Studio Solution File, Format Version 12.00
# Visual Studio 15
VisualStudioVersion = 15.0.26430.12
MinimumVisualStudioVersion = 10.0.40219.1
Project("{FAE04EC0-301F-11D3-BF4B-00C04F79EFBC}") = "Clases", "Clases\Clases.csproj", "{6EF01FEC-4837-4AA8-B72E-32976E57B39D}"
EndProject
Project("{FAE04EC0-301F-11D3-BF4B-00C04F79EFBC}") = "Consola", "Consola\Consola.csproj", "{2C74FE2C-2D79-4934-8BE5-732052BA8258}"
EndProject
Global
	GlobalSection(SolutionConfigurationPlatforms) = preSolution
		Debug|Any CPU = Debug|Any CPU
		Release|Any CPU = Release|Any CPU
	EndGlobalSection
	GlobalSection(ProjectConfigurationPlatforms) = postSolution
		{6EF01FEC-4837-4AA8-B72E-32976E57B39D}.Debug|Any CPU.ActiveCfg = Debug|Any CPU
		{6EF01FEC-4837-4AA8-B72E-32976E57B39D}.Debug|Any CPU.Build.0 = Debug|Any CPU
		{6EF01FEC-4837-4AA8-B72E-32976E57B39D}.Release|Any CPU.ActiveCfg = Release|Any CPU
		{6EF01FEC-4837-4AA8-B72E-32976E57B39D}.Release|Any CPU.Build.0 = Release|Any CPU
		{2C74FE2C-2D79-4934-8BE5-732052BA8258}.Debug|Any CPU.ActiveCfg = Debug|Any CPU
		{2C74FE2C-2D79-4934-8BE5-732052BA8258}.Debug|Any CPU.Build.0 = Debug|Any CPU
		{2C74FE2C-2D79-4934-8BE5-732052BA8258}.Release|Any CPU.ActiveCfg = Release|Any CPU
		{2C74FE2C-2D79-4934-8BE5-732052BA8258}.Release|Any CPU.Build.0 = Release|Any CPU
	EndGlobalSection
	GlobalSection(SolutionProperties) = preSolution
		HideSolutionNode = FALSE
	EndGlobalSection
EndGlobal
