
Microsoft Visual Studio Solution File, Format Version 12.00
# Visual Studio 2012
Project("{FAE04EC0-301F-11D3-BF4B-00C04F79EFBC}") = "NoGenerics", "NoGenerics\NoGenerics.csproj", "{0148E2A8-F3D7-42BD-B4CC-E8E2ACFF9B66}"
EndProject
Project("{FAE04EC0-301F-11D3-BF4B-00C04F79EFBC}") = "Generics", "Generics\Generics.csproj", "{7DC1B6CB-A2F2-42B4-9E46-9A1DF701A612}"
EndProject
Global
	GlobalSection(SolutionConfigurationPlatforms) = preSolution
		Debug|Any CPU = Debug|Any CPU
		Release|Any CPU = Release|Any CPU
	EndGlobalSection
	GlobalSection(ProjectConfigurationPlatforms) = postSolution
		{0148E2A8-F3D7-42BD-B4CC-E8E2ACFF9B66}.Debug|Any CPU.ActiveCfg = Debug|Any CPU
		{0148E2A8-F3D7-42BD-B4CC-E8E2ACFF9B66}.Debug|Any CPU.Build.0 = Debug|Any CPU
		{0148E2A8-F3D7-42BD-B4CC-E8E2ACFF9B66}.Release|Any CPU.ActiveCfg = Release|Any CPU
		{0148E2A8-F3D7-42BD-B4CC-E8E2ACFF9B66}.Release|Any CPU.Build.0 = Release|Any CPU
		{7DC1B6CB-A2F2-42B4-9E46-9A1DF701A612}.Debug|Any CPU.ActiveCfg = Debug|Any CPU
		{7DC1B6CB-A2F2-42B4-9E46-9A1DF701A612}.Debug|Any CPU.Build.0 = Debug|Any CPU
		{7DC1B6CB-A2F2-42B4-9E46-9A1DF701A612}.Release|Any CPU.ActiveCfg = Release|Any CPU
		{7DC1B6CB-A2F2-42B4-9E46-9A1DF701A612}.Release|Any CPU.Build.0 = Release|Any CPU
	EndGlobalSection
	GlobalSection(SolutionProperties) = preSolution
		HideSolutionNode = FALSE
	EndGlobalSection
EndGlobal
